
Microsoft Visual Studio Solution File, Format Version 12.00
# Visual Studio 14
VisualStudioVersion = 14.0.25420.1
MinimumVisualStudioVersion = 10.0.40219.1
Project("{FAE04EC0-301F-11D3-BF4B-00C04F79EFBC}") = "MyCSharp", "MyCSharp\MyCSharp.csproj", "{DBC478CA-5422-40C2-8A16-02ABC7BF0868}"
EndProject
Project("{FAE04EC0-301F-11D3-BF4B-00C04F79EFBC}") = "MyCircles", "数据结构\MyCircles\MyCircles.csproj", "{148E69C7-F62D-40D7-991C-5E66E25A1659}"
EndProject
Project("{2150E333-8FDC-42A3-9474-1A3956D46DE8}") = "数据结构", "数据结构", "{5E97E8AC-F9B2-4DE6-A14F-2BAF06EDC671}"
EndProject
Project("{FAE04EC0-301F-11D3-BF4B-00C04F79EFBC}") = "MyHash", "数据结构\MyHash\MyHash.csproj", "{E907CE1B-D197-4635-A55B-8FFAF686D2F6}"
EndProject
Project("{FAE04EC0-301F-11D3-BF4B-00C04F79EFBC}") = "MyList", "数据结构\MyList\MyList.csproj", "{A68B91D7-03A6-4533-8D82-E84874A1DCC8}"
EndProject
Project("{2150E333-8FDC-42A3-9474-1A3956D46DE8}") = "多线程", "多线程", "{86115E4C-6740-4752-9066-E098D42B48A4}"
EndProject
Project("{FAE04EC0-301F-11D3-BF4B-00C04F79EFBC}") = "MyThread", "多线程\MyThread\MyThread.csproj", "{B303A99D-78FE-4798-B6F5-95862B4DD59B}"
EndProject
Project("{FAE04EC0-301F-11D3-BF4B-00C04F79EFBC}") = "MyTask", "多线程\MyTask\MyTask.csproj", "{5A1C4F10-03E2-4D30-817F-A5FB4A8B3AB5}"
EndProject
Project("{FAE04EC0-301F-11D3-BF4B-00C04F79EFBC}") = "MyEvent", "多线程\MyEvent\MyEvent.csproj", "{229C0183-BCA8-4741-A1C4-E5C110CBDA5D}"
EndProject
Project("{2150E333-8FDC-42A3-9474-1A3956D46DE8}") = "NET特征", "NET特征", "{E8BEE44C-622E-4D9F-91CE-417273A4E2A1}"
EndProject
Project("{FAE04EC0-301F-11D3-BF4B-00C04F79EFBC}") = "MyAttribute", "NET特性\MyAttribute\MyAttribute.csproj", "{7B10635C-B846-4E0F-A4F4-5A84DE92322C}"
EndProject
Project("{2150E333-8FDC-42A3-9474-1A3956D46DE8}") = "数据库", "数据库", "{9B3798C2-2880-4C27-A36F-F72E4C8351DB}"
EndProject
Project("{FAE04EC0-301F-11D3-BF4B-00C04F79EFBC}") = "MyAdo.Net", "数据库\MySQL\MyAdo.Net.csproj", "{B3EA99B8-7D02-4B58-ACD0-746D95B4DDEF}"
EndProject
Project("{2150E333-8FDC-42A3-9474-1A3956D46DE8}") = "反射", "反射", "{FF442E1C-B1F5-463C-A646-9CF70BBDDD52}"
EndProject
Project("{FAE04EC0-301F-11D3-BF4B-00C04F79EFBC}") = "LogTxt", "NET特性\Reflection\LogTxt\LogTxt.csproj", "{C1C19689-AA37-4520-95B6-683CEF5B8B97}"
EndProject
Project("{FAE04EC0-301F-11D3-BF4B-00C04F79EFBC}") = "MyReflection", "NET特性\Reflection\MyReflection\MyReflection.csproj", "{7FC0A22B-9FF5-4898-96CF-A4CE746FBA9B}"
EndProject
Project("{FAE04EC0-301F-11D3-BF4B-00C04F79EFBC}") = "LogInterface", "NET特性\Reflection\LogInterface\LogInterface.csproj", "{D785FB4E-1A16-4711-ADD8-1098D442D9AB}"
EndProject
Project("{FAE04EC0-301F-11D3-BF4B-00C04F79EFBC}") = "MyDelegate", "MyDelegate\MyDelegate.csproj", "{E10CCC72-31E5-4DFD-8B0E-B5B6B39DA752}"
EndProject
Global
	GlobalSection(SolutionConfigurationPlatforms) = preSolution
		Debug|Any CPU = Debug|Any CPU
		Debug|x86 = Debug|x86
		Release|Any CPU = Release|Any CPU
		Release|x86 = Release|x86
	EndGlobalSection
	GlobalSection(ProjectConfigurationPlatforms) = postSolution
		{DBC478CA-5422-40C2-8A16-02ABC7BF0868}.Debug|Any CPU.ActiveCfg = Debug|Any CPU
		{DBC478CA-5422-40C2-8A16-02ABC7BF0868}.Debug|Any CPU.Build.0 = Debug|Any CPU
		{DBC478CA-5422-40C2-8A16-02ABC7BF0868}.Debug|x86.ActiveCfg = Debug|Any CPU
		{DBC478CA-5422-40C2-8A16-02ABC7BF0868}.Debug|x86.Build.0 = Debug|Any CPU
		{DBC478CA-5422-40C2-8A16-02ABC7BF0868}.Release|Any CPU.ActiveCfg = Release|Any CPU
		{DBC478CA-5422-40C2-8A16-02ABC7BF0868}.Release|Any CPU.Build.0 = Release|Any CPU
		{DBC478CA-5422-40C2-8A16-02ABC7BF0868}.Release|x86.ActiveCfg = Release|Any CPU
		{DBC478CA-5422-40C2-8A16-02ABC7BF0868}.Release|x86.Build.0 = Release|Any CPU
		{148E69C7-F62D-40D7-991C-5E66E25A1659}.Debug|Any CPU.ActiveCfg = Debug|x86
		{148E69C7-F62D-40D7-991C-5E66E25A1659}.Debug|x86.ActiveCfg = Debug|x86
		{148E69C7-F62D-40D7-991C-5E66E25A1659}.Debug|x86.Build.0 = Debug|x86
		{148E69C7-F62D-40D7-991C-5E66E25A1659}.Release|Any CPU.ActiveCfg = Release|x86
		{148E69C7-F62D-40D7-991C-5E66E25A1659}.Release|x86.ActiveCfg = Release|x86
		{148E69C7-F62D-40D7-991C-5E66E25A1659}.Release|x86.Build.0 = Release|x86
		{E907CE1B-D197-4635-A55B-8FFAF686D2F6}.Debug|Any CPU.ActiveCfg = Debug|Any CPU
		{E907CE1B-D197-4635-A55B-8FFAF686D2F6}.Debug|Any CPU.Build.0 = Debug|Any CPU
		{E907CE1B-D197-4635-A55B-8FFAF686D2F6}.Debug|x86.ActiveCfg = Debug|Any CPU
		{E907CE1B-D197-4635-A55B-8FFAF686D2F6}.Debug|x86.Build.0 = Debug|Any CPU
		{E907CE1B-D197-4635-A55B-8FFAF686D2F6}.Release|Any CPU.ActiveCfg = Release|Any CPU
		{E907CE1B-D197-4635-A55B-8FFAF686D2F6}.Release|Any CPU.Build.0 = Release|Any CPU
		{E907CE1B-D197-4635-A55B-8FFAF686D2F6}.Release|x86.ActiveCfg = Release|Any CPU
		{E907CE1B-D197-4635-A55B-8FFAF686D2F6}.Release|x86.Build.0 = Release|Any CPU
		{A68B91D7-03A6-4533-8D82-E84874A1DCC8}.Debug|Any CPU.ActiveCfg = Debug|Any CPU
		{A68B91D7-03A6-4533-8D82-E84874A1DCC8}.Debug|Any CPU.Build.0 = Debug|Any CPU
		{A68B91D7-03A6-4533-8D82-E84874A1DCC8}.Debug|x86.ActiveCfg = Debug|Any CPU
		{A68B91D7-03A6-4533-8D82-E84874A1DCC8}.Debug|x86.Build.0 = Debug|Any CPU
		{A68B91D7-03A6-4533-8D82-E84874A1DCC8}.Release|Any CPU.ActiveCfg = Release|Any CPU
		{A68B91D7-03A6-4533-8D82-E84874A1DCC8}.Release|Any CPU.Build.0 = Release|Any CPU
		{A68B91D7-03A6-4533-8D82-E84874A1DCC8}.Release|x86.ActiveCfg = Release|Any CPU
		{A68B91D7-03A6-4533-8D82-E84874A1DCC8}.Release|x86.Build.0 = Release|Any CPU
		{B303A99D-78FE-4798-B6F5-95862B4DD59B}.Debug|Any CPU.ActiveCfg = Debug|Any CPU
		{B303A99D-78FE-4798-B6F5-95862B4DD59B}.Debug|Any CPU.Build.0 = Debug|Any CPU
		{B303A99D-78FE-4798-B6F5-95862B4DD59B}.Debug|x86.ActiveCfg = Debug|Any CPU
		{B303A99D-78FE-4798-B6F5-95862B4DD59B}.Debug|x86.Build.0 = Debug|Any CPU
		{B303A99D-78FE-4798-B6F5-95862B4DD59B}.Release|Any CPU.ActiveCfg = Release|Any CPU
		{B303A99D-78FE-4798-B6F5-95862B4DD59B}.Release|Any CPU.Build.0 = Release|Any CPU
		{B303A99D-78FE-4798-B6F5-95862B4DD59B}.Release|x86.ActiveCfg = Release|Any CPU
		{B303A99D-78FE-4798-B6F5-95862B4DD59B}.Release|x86.Build.0 = Release|Any CPU
		{5A1C4F10-03E2-4D30-817F-A5FB4A8B3AB5}.Debug|Any CPU.ActiveCfg = Debug|x86
		{5A1C4F10-03E2-4D30-817F-A5FB4A8B3AB5}.Debug|x86.ActiveCfg = Debug|x86
		{5A1C4F10-03E2-4D30-817F-A5FB4A8B3AB5}.Debug|x86.Build.0 = Debug|x86
		{5A1C4F10-03E2-4D30-817F-A5FB4A8B3AB5}.Release|Any CPU.ActiveCfg = Release|x86
		{5A1C4F10-03E2-4D30-817F-A5FB4A8B3AB5}.Release|x86.ActiveCfg = Release|x86
		{5A1C4F10-03E2-4D30-817F-A5FB4A8B3AB5}.Release|x86.Build.0 = Release|x86
		{229C0183-BCA8-4741-A1C4-E5C110CBDA5D}.Debug|Any CPU.ActiveCfg = Debug|Any CPU
		{229C0183-BCA8-4741-A1C4-E5C110CBDA5D}.Debug|Any CPU.Build.0 = Debug|Any CPU
		{229C0183-BCA8-4741-A1C4-E5C110CBDA5D}.Debug|x86.ActiveCfg = Debug|Any CPU
		{229C0183-BCA8-4741-A1C4-E5C110CBDA5D}.Debug|x86.Build.0 = Debug|Any CPU
		{229C0183-BCA8-4741-A1C4-E5C110CBDA5D}.Release|Any CPU.ActiveCfg = Release|Any CPU
		{229C0183-BCA8-4741-A1C4-E5C110CBDA5D}.Release|Any CPU.Build.0 = Release|Any CPU
		{229C0183-BCA8-4741-A1C4-E5C110CBDA5D}.Release|x86.ActiveCfg = Release|Any CPU
		{229C0183-BCA8-4741-A1C4-E5C110CBDA5D}.Release|x86.Build.0 = Release|Any CPU
		{7B10635C-B846-4E0F-A4F4-5A84DE92322C}.Debug|Any CPU.ActiveCfg = Debug|Any CPU
		{7B10635C-B846-4E0F-A4F4-5A84DE92322C}.Debug|Any CPU.Build.0 = Debug|Any CPU
		{7B10635C-B846-4E0F-A4F4-5A84DE92322C}.Debug|x86.ActiveCfg = Debug|Any CPU
		{7B10635C-B846-4E0F-A4F4-5A84DE92322C}.Debug|x86.Build.0 = Debug|Any CPU
		{7B10635C-B846-4E0F-A4F4-5A84DE92322C}.Release|Any CPU.ActiveCfg = Release|Any CPU
		{7B10635C-B846-4E0F-A4F4-5A84DE92322C}.Release|Any CPU.Build.0 = Release|Any CPU
		{7B10635C-B846-4E0F-A4F4-5A84DE92322C}.Release|x86.ActiveCfg = Release|Any CPU
		{7B10635C-B846-4E0F-A4F4-5A84DE92322C}.Release|x86.Build.0 = Release|Any CPU
		{B3EA99B8-7D02-4B58-ACD0-746D95B4DDEF}.Debug|Any CPU.ActiveCfg = Debug|Any CPU
		{B3EA99B8-7D02-4B58-ACD0-746D95B4DDEF}.Debug|Any CPU.Build.0 = Debug|Any CPU
		{B3EA99B8-7D02-4B58-ACD0-746D95B4DDEF}.Debug|x86.ActiveCfg = Debug|Any CPU
		{B3EA99B8-7D02-4B58-ACD0-746D95B4DDEF}.Debug|x86.Build.0 = Debug|Any CPU
		{B3EA99B8-7D02-4B58-ACD0-746D95B4DDEF}.Release|Any CPU.ActiveCfg = Release|Any CPU
		{B3EA99B8-7D02-4B58-ACD0-746D95B4DDEF}.Release|Any CPU.Build.0 = Release|Any CPU
		{B3EA99B8-7D02-4B58-ACD0-746D95B4DDEF}.Release|x86.ActiveCfg = Release|Any CPU
		{B3EA99B8-7D02-4B58-ACD0-746D95B4DDEF}.Release|x86.Build.0 = Release|Any CPU
		{C1C19689-AA37-4520-95B6-683CEF5B8B97}.Debug|Any CPU.ActiveCfg = Debug|Any CPU
		{C1C19689-AA37-4520-95B6-683CEF5B8B97}.Debug|Any CPU.Build.0 = Debug|Any CPU
		{C1C19689-AA37-4520-95B6-683CEF5B8B97}.Debug|x86.ActiveCfg = Debug|Any CPU
		{C1C19689-AA37-4520-95B6-683CEF5B8B97}.Debug|x86.Build.0 = Debug|Any CPU
		{C1C19689-AA37-4520-95B6-683CEF5B8B97}.Release|Any CPU.ActiveCfg = Release|Any CPU
		{C1C19689-AA37-4520-95B6-683CEF5B8B97}.Release|Any CPU.Build.0 = Release|Any CPU
		{C1C19689-AA37-4520-95B6-683CEF5B8B97}.Release|x86.ActiveCfg = Release|Any CPU
		{C1C19689-AA37-4520-95B6-683CEF5B8B97}.Release|x86.Build.0 = Release|Any CPU
		{7FC0A22B-9FF5-4898-96CF-A4CE746FBA9B}.Debug|Any CPU.ActiveCfg = Debug|Any CPU
		{7FC0A22B-9FF5-4898-96CF-A4CE746FBA9B}.Debug|Any CPU.Build.0 = Debug|Any CPU
		{7FC0A22B-9FF5-4898-96CF-A4CE746FBA9B}.Debug|x86.ActiveCfg = Debug|Any CPU
		{7FC0A22B-9FF5-4898-96CF-A4CE746FBA9B}.Debug|x86.Build.0 = Debug|Any CPU
		{7FC0A22B-9FF5-4898-96CF-A4CE746FBA9B}.Release|Any CPU.ActiveCfg = Release|Any CPU
		{7FC0A22B-9FF5-4898-96CF-A4CE746FBA9B}.Release|Any CPU.Build.0 = Release|Any CPU
		{7FC0A22B-9FF5-4898-96CF-A4CE746FBA9B}.Release|x86.ActiveCfg = Release|Any CPU
		{7FC0A22B-9FF5-4898-96CF-A4CE746FBA9B}.Release|x86.Build.0 = Release|Any CPU
		{D785FB4E-1A16-4711-ADD8-1098D442D9AB}.Debug|Any CPU.ActiveCfg = Debug|Any CPU
		{D785FB4E-1A16-4711-ADD8-1098D442D9AB}.Debug|Any CPU.Build.0 = Debug|Any CPU
		{D785FB4E-1A16-4711-ADD8-1098D442D9AB}.Debug|x86.ActiveCfg = Debug|Any CPU
		{D785FB4E-1A16-4711-ADD8-1098D442D9AB}.Debug|x86.Build.0 = Debug|Any CPU
		{D785FB4E-1A16-4711-ADD8-1098D442D9AB}.Release|Any CPU.ActiveCfg = Release|Any CPU
		{D785FB4E-1A16-4711-ADD8-1098D442D9AB}.Release|Any CPU.Build.0 = Release|Any CPU
		{D785FB4E-1A16-4711-ADD8-1098D442D9AB}.Release|x86.ActiveCfg = Release|Any CPU
		{D785FB4E-1A16-4711-ADD8-1098D442D9AB}.Release|x86.Build.0 = Release|Any CPU
		{E10CCC72-31E5-4DFD-8B0E-B5B6B39DA752}.Debug|Any CPU.ActiveCfg = Debug|Any CPU
		{E10CCC72-31E5-4DFD-8B0E-B5B6B39DA752}.Debug|Any CPU.Build.0 = Debug|Any CPU
		{E10CCC72-31E5-4DFD-8B0E-B5B6B39DA752}.Debug|x86.ActiveCfg = Debug|Any CPU
		{E10CCC72-31E5-4DFD-8B0E-B5B6B39DA752}.Debug|x86.Build.0 = Debug|Any CPU
		{E10CCC72-31E5-4DFD-8B0E-B5B6B39DA752}.Release|Any CPU.ActiveCfg = Release|Any CPU
		{E10CCC72-31E5-4DFD-8B0E-B5B6B39DA752}.Release|Any CPU.Build.0 = Release|Any CPU
		{E10CCC72-31E5-4DFD-8B0E-B5B6B39DA752}.Release|x86.ActiveCfg = Release|Any CPU
		{E10CCC72-31E5-4DFD-8B0E-B5B6B39DA752}.Release|x86.Build.0 = Release|Any CPU
	EndGlobalSection
	GlobalSection(SolutionProperties) = preSolution
		HideSolutionNode = FALSE
	EndGlobalSection
	GlobalSection(NestedProjects) = preSolution
		{148E69C7-F62D-40D7-991C-5E66E25A1659} = {5E97E8AC-F9B2-4DE6-A14F-2BAF06EDC671}
		{E907CE1B-D197-4635-A55B-8FFAF686D2F6} = {5E97E8AC-F9B2-4DE6-A14F-2BAF06EDC671}
		{A68B91D7-03A6-4533-8D82-E84874A1DCC8} = {5E97E8AC-F9B2-4DE6-A14F-2BAF06EDC671}
		{B303A99D-78FE-4798-B6F5-95862B4DD59B} = {86115E4C-6740-4752-9066-E098D42B48A4}
		{5A1C4F10-03E2-4D30-817F-A5FB4A8B3AB5} = {86115E4C-6740-4752-9066-E098D42B48A4}
		{229C0183-BCA8-4741-A1C4-E5C110CBDA5D} = {86115E4C-6740-4752-9066-E098D42B48A4}
		{7B10635C-B846-4E0F-A4F4-5A84DE92322C} = {E8BEE44C-622E-4D9F-91CE-417273A4E2A1}
		{B3EA99B8-7D02-4B58-ACD0-746D95B4DDEF} = {9B3798C2-2880-4C27-A36F-F72E4C8351DB}
		{FF442E1C-B1F5-463C-A646-9CF70BBDDD52} = {E8BEE44C-622E-4D9F-91CE-417273A4E2A1}
		{C1C19689-AA37-4520-95B6-683CEF5B8B97} = {FF442E1C-B1F5-463C-A646-9CF70BBDDD52}
		{7FC0A22B-9FF5-4898-96CF-A4CE746FBA9B} = {FF442E1C-B1F5-463C-A646-9CF70BBDDD52}
		{D785FB4E-1A16-4711-ADD8-1098D442D9AB} = {FF442E1C-B1F5-463C-A646-9CF70BBDDD52}
		{E10CCC72-31E5-4DFD-8B0E-B5B6B39DA752} = {E8BEE44C-622E-4D9F-91CE-417273A4E2A1}
	EndGlobalSection
EndGlobal
